{
  "name": "flave-loader",
  "version": "1.0.0",
  "lockfileVersion": 1,
  "requires": true,
  "dependencies": {
    "flave": {
      "version": "1.4.3",
      "resolved": "https://registry.npmjs.org/flave/-/flave-1.4.3.tgz",
      "integrity": "sha512-wU6KQlPBIjWxCOIuxZzAlO71oV41GwYKNuJicq/vy8EvRVKEmQ+VJwLRFb+9SwT7W0d3y1T5DAo2J0Q7ryUU8g==",
      "dev": true
    }
  }
}
